
Microsoft Visual Studio Solution File, Format Version 12.00
# Visual Studio Version 17
VisualStudioVersion = 17.0.32112.339
MinimumVisualStudioVersion = 10.0.40219.1
Project("{FAE04EC0-301F-11D3-BF4B-00C04F79EFBC}") = "Ventas", "Ventas\Ventas.csproj", "{A5321D7F-EE46-490A-A8AC-0D6086B9C8CD}"
EndProject
Global
	GlobalSection(SolutionConfigurationPlatforms) = preSolution
		Debug|Any CPU = Debug|Any CPU
		Release|Any CPU = Release|Any CPU
	EndGlobalSection
	GlobalSection(ProjectConfigurationPlatforms) = postSolution
		{A5321D7F-EE46-490A-A8AC-0D6086B9C8CD}.Debug|Any CPU.ActiveCfg = Debug|Any CPU
		{A5321D7F-EE46-490A-A8AC-0D6086B9C8CD}.Debug|Any CPU.Build.0 = Debug|Any CPU
		{A5321D7F-EE46-490A-A8AC-0D6086B9C8CD}.Release|Any CPU.ActiveCfg = Release|Any CPU
		{A5321D7F-EE46-490A-A8AC-0D6086B9C8CD}.Release|Any CPU.Build.0 = Release|Any CPU
	EndGlobalSection
	GlobalSection(SolutionProperties) = preSolution
		HideSolutionNode = FALSE
	EndGlobalSection
	GlobalSection(ExtensibilityGlobals) = postSolution
		SolutionGuid = {398A97D6-4C25-4385-A118-2CDB6F960BEA}
	EndGlobalSection
EndGlobal
